
Microsoft Visual Studio Solution File, Format Version 12.00
# Visual Studio Version 17
VisualStudioVersion = 17.3.32929.385
MinimumVisualStudioVersion = 10.0.40219.1
Project("{9A19103F-16F7-4668-BE54-9A1E7A4F7556}") = "Windows Compliancy Report Client", "Windows Compliancy Report Client\Windows Compliancy Report Client.csproj", "{FAD58FEA-4039-43F1-85F5-99F5155857A6}"
EndProject
Project("{9A19103F-16F7-4668-BE54-9A1E7A4F7556}") = "Windows Server Dashboard", "Windows Server Dashboard\Windows Server Dashboard.csproj", "{8156B7B4-4AA1-4E7F-B447-7A40F8ECBD76}"
EndProject
Global
	GlobalSection(SolutionConfigurationPlatforms) = preSolution
		Debug|Any CPU = Debug|Any CPU
		Release|Any CPU = Release|Any CPU
	EndGlobalSection
	GlobalSection(ProjectConfigurationPlatforms) = postSolution
		{FAD58FEA-4039-43F1-85F5-99F5155857A6}.Debug|Any CPU.ActiveCfg = Debug|Any CPU
		{FAD58FEA-4039-43F1-85F5-99F5155857A6}.Debug|Any CPU.Build.0 = Debug|Any CPU
		{FAD58FEA-4039-43F1-85F5-99F5155857A6}.Release|Any CPU.ActiveCfg = Release|Any CPU
		{FAD58FEA-4039-43F1-85F5-99F5155857A6}.Release|Any CPU.Build.0 = Release|Any CPU
		{8156B7B4-4AA1-4E7F-B447-7A40F8ECBD76}.Debug|Any CPU.ActiveCfg = Debug|Any CPU
		{8156B7B4-4AA1-4E7F-B447-7A40F8ECBD76}.Debug|Any CPU.Build.0 = Debug|Any CPU
		{8156B7B4-4AA1-4E7F-B447-7A40F8ECBD76}.Release|Any CPU.ActiveCfg = Release|Any CPU
		{8156B7B4-4AA1-4E7F-B447-7A40F8ECBD76}.Release|Any CPU.Build.0 = Release|Any CPU
	EndGlobalSection
	GlobalSection(SolutionProperties) = preSolution
		HideSolutionNode = FALSE
	EndGlobalSection
	GlobalSection(ExtensibilityGlobals) = postSolution
		SolutionGuid = {CDFDAB7E-63D9-4350-A5A4-5C901C9AEB2C}
	EndGlobalSection
EndGlobal
